<?xml version="1.0" encoding="utf-8"?>
<Project ToolsVersion="4.0" xmlns="http://schemas.microsoft.com/developer/msbuild/2003">
  <ItemGroup>
    <Filter Include="Source Files">
      <UniqueIdentifier>{4FC737F1-C7A5-4376-A066-2A32D752A2FF}</UniqueIdentifier>
      <Extensions>cpp;c;cc;cxx;def;odl;idl;hpj;bat;asm;asmx</Extensions>
    </Filter>
    <Filter Include="Header Files">
      <UniqueIdentifier>{93995380-89BD-4b04-88EB-625FBE52EBFB}</UniqueIdentifier>
      <Extensions>h;hpp;hxx;hm;inl;inc;xsd</Extensions>
    </Filter>
    <Filter Include="Resource Files">
      <UniqueIdentifier>{67DA6AB6-F800-4c08-8B7A-83BB121AAD01}</UniqueIdentifier>
      <Extensions>rc;ico;cur;bmp;dlg;rc2;rct;bin;rgs;gif;jpg;jpeg;jpe;resx;tiff;tif;png;wav;mfcribbon-ms</Extensions>
    </Filter>
    <Filter Include="framework">
      <UniqueIdentifier>{d7d8d18d-62ca-4df2-ae41-5293c38581ec}</UniqueIdentifier>
    </Filter>
  </ItemGroup>
  <ItemGroup>
    <ClInclude Include="stdafx.h">
      <Filter>Header Files</Filter>
    </ClInclude>
    <ClInclude Include="targetver.h">
      <Filter>Header Files</Filter>
    </ClInclude>
    <ClInclude Include="framework\include\algebra3\algebra3.h">
      <Filter>framework</Filter>
    </ClInclude>
    <ClInclude Include="framework\include\LGlobal\LGlobal.h">
      <Filter>framework</Filter>
    </ClInclude>
    <ClInclude Include="framework\include\LTranslateMatrix\LTranslateMatrix.h">
      <Filter>framework</Filter>
    </ClInclude>
    <ClInclude Include="framework\include\LViewer\LViewer.h">
      <Filter>framework</Filter>
    </ClInclude>
    <ClInclude Include="framework\include\LLib.h">
      <Filter>framework</Filter>
    </ClInclude>
    <ClInclude Include="framework\framework.h">
      <Filter>framework</Filter>
    </ClInclude>
    <ClInclude Include="framework\GLM.h">
      <Filter>framework</Filter>
    </ClInclude>
    <ClInclude Include="image.h">
      <Filter>Header Files</Filter>
    </ClInclude>
  </ItemGroup>
  <ItemGroup>
    <ClCompile Include="stdafx.cpp">
      <Filter>Source Files</Filter>
    </ClCompile>
    <ClCompile Include="framework\include\algebra3\algebra3.cpp">
      <Filter>framework</Filter>
    </ClCompile>
    <ClCompile Include="framework\include\LTranslateMatrix\LTranslateMatrix.cpp">
      <Filter>framework</Filter>
    </ClCompile>
    <ClCompile Include="framework\include\LViewer\LViewer.cpp">
      <Filter>framework</Filter>
    </ClCompile>
    <ClCompile Include="framework\framework.cpp">
      <Filter>framework</Filter>
    </ClCompile>
    <ClCompile Include="framework\GLM.cpp">
      <Filter>framework</Filter>
    </ClCompile>
    <ClCompile Include="main.cpp">
      <Filter>Source Files</Filter>
    </ClCompile>
    <ClCompile Include="image.cpp">
      <Filter>Source Files</Filter>
    </ClCompile>
  </ItemGroup>
</Project>